
Microsoft Visual Studio Solution File, Format Version 12.00
# Visual Studio Version 16
VisualStudioVersion = 16.0.32126.315
MinimumVisualStudioVersion = 10.0.40219.1
Project("{FAE04EC0-301F-11D3-BF4B-00C04F79EFBC}") = "BT3-LTDT", "BT3-LTDT.csproj", "{8A7457C5-3BA0-4FCF-9E62-FDAE83705C90}"
EndProject
Global
	GlobalSection(SolutionConfigurationPlatforms) = preSolution
		Debug|Any CPU = Debug|Any CPU
		Release|Any CPU = Release|Any CPU
	EndGlobalSection
	GlobalSection(ProjectConfigurationPlatforms) = postSolution
		{8A7457C5-3BA0-4FCF-9E62-FDAE83705C90}.Debug|Any CPU.ActiveCfg = Debug|Any CPU
		{8A7457C5-3BA0-4FCF-9E62-FDAE83705C90}.Debug|Any CPU.Build.0 = Debug|Any CPU
		{8A7457C5-3BA0-4FCF-9E62-FDAE83705C90}.Release|Any CPU.ActiveCfg = Release|Any CPU
		{8A7457C5-3BA0-4FCF-9E62-FDAE83705C90}.Release|Any CPU.Build.0 = Release|Any CPU
	EndGlobalSection
	GlobalSection(SolutionProperties) = preSolution
		HideSolutionNode = FALSE
	EndGlobalSection
	GlobalSection(ExtensibilityGlobals) = postSolution
		SolutionGuid = {1F45B0DB-0B74-4ECF-853F-CE98103956B0}
	EndGlobalSection
EndGlobal
